
Microsoft Visual Studio Solution File, Format Version 12.00
# Visual Studio 15
VisualStudioVersion = 15.0.28307.421
MinimumVisualStudioVersion = 10.0.40219.1
Project("{9A19103F-16F7-4668-BE54-9A1E7A4F7556}") = "AzureUdrUpdate", "AzureUdrUpdate\AzureUdrUpdate.csproj", "{2450BDE8-D34F-480D-9C66-013F1AE9A2C0}"
EndProject
Project("{2150E333-8FDC-42A3-9474-1A3956D46DE8}") = "Docs", "Docs", "{14AA8BCD-DE06-42EA-A46E-86478ABF82BE}"
	ProjectSection(SolutionItems) = preProject
		AzureUdrUpdate.sln.licenseheader = AzureUdrUpdate.sln.licenseheader
	EndProjectSection
EndProject
Global
	GlobalSection(SolutionConfigurationPlatforms) = preSolution
		Debug|Any CPU = Debug|Any CPU
		Release|Any CPU = Release|Any CPU
	EndGlobalSection
	GlobalSection(ProjectConfigurationPlatforms) = postSolution
		{2450BDE8-D34F-480D-9C66-013F1AE9A2C0}.Debug|Any CPU.ActiveCfg = Debug|Any CPU
		{2450BDE8-D34F-480D-9C66-013F1AE9A2C0}.Debug|Any CPU.Build.0 = Debug|Any CPU
		{2450BDE8-D34F-480D-9C66-013F1AE9A2C0}.Release|Any CPU.ActiveCfg = Release|Any CPU
		{2450BDE8-D34F-480D-9C66-013F1AE9A2C0}.Release|Any CPU.Build.0 = Release|Any CPU
	EndGlobalSection
	GlobalSection(SolutionProperties) = preSolution
		HideSolutionNode = FALSE
	EndGlobalSection
	GlobalSection(ExtensibilityGlobals) = postSolution
		SolutionGuid = {8FE20B74-AA0D-4DDC-B227-0DFC760452D3}
	EndGlobalSection
EndGlobal
